
Microsoft Visual Studio Solution File, Format Version 12.00
# Visual Studio Version 16
VisualStudioVersion = 16.0.30523.141
MinimumVisualStudioVersion = 10.0.40219.1
Project("{FAE04EC0-301F-11D3-BF4B-00C04F79EFBC}") = "sep6", "sep6\sep6.csproj", "{57F758AC-7182-4ACB-AD92-277FE5919F98}"
EndProject
Global
	GlobalSection(SolutionConfigurationPlatforms) = preSolution
		Debug|Any CPU = Debug|Any CPU
		Release|Any CPU = Release|Any CPU
	EndGlobalSection
	GlobalSection(ProjectConfigurationPlatforms) = postSolution
		{57F758AC-7182-4ACB-AD92-277FE5919F98}.Debug|Any CPU.ActiveCfg = Debug|Any CPU
		{57F758AC-7182-4ACB-AD92-277FE5919F98}.Debug|Any CPU.Build.0 = Debug|Any CPU
		{57F758AC-7182-4ACB-AD92-277FE5919F98}.Release|Any CPU.ActiveCfg = Release|Any CPU
		{57F758AC-7182-4ACB-AD92-277FE5919F98}.Release|Any CPU.Build.0 = Release|Any CPU
	EndGlobalSection
	GlobalSection(SolutionProperties) = preSolution
		HideSolutionNode = FALSE
	EndGlobalSection
	GlobalSection(ExtensibilityGlobals) = postSolution
		SolutionGuid = {4122160B-E31A-43CB-BF79-2B5F204D2CDA}
	EndGlobalSection
EndGlobal
